
Microsoft Visual Studio Solution File, Format Version 12.00
Project("{FAE04EC0-301F-11D3-BF4B-00C04F79EFBC}") = "Utiliteez.Game", "Utiliteez.Game\Utiliteez.Game.csproj", "{7C17BE6B-C778-4D02-9410-1DF35A06717D}"
EndProject
Project("{FAE04EC0-301F-11D3-BF4B-00C04F79EFBC}") = "Utiliteez.Tools", "Utiliteez.Tools\Utiliteez.Tools.csproj", "{C3C376DA-00D4-4799-8593-A681845A01D2}"
EndProject
Project("{FAE04EC0-301F-11D3-BF4B-00C04F79EFBC}") = "Utiliteez.RenderEngine", "Utiliteez.RenderEngine\Utiliteez.RenderEngine.csproj", "{1C05EFF4-74C7-4181-A073-42E2E3A04143}"
EndProject
Global
	GlobalSection(SolutionConfigurationPlatforms) = preSolution
		Debug|Any CPU = Debug|Any CPU
		Release|Any CPU = Release|Any CPU
	EndGlobalSection
	GlobalSection(ProjectConfigurationPlatforms) = postSolution
		{7C17BE6B-C778-4D02-9410-1DF35A06717D}.Debug|Any CPU.ActiveCfg = Debug|Any CPU
		{7C17BE6B-C778-4D02-9410-1DF35A06717D}.Debug|Any CPU.Build.0 = Debug|Any CPU
		{7C17BE6B-C778-4D02-9410-1DF35A06717D}.Release|Any CPU.ActiveCfg = Release|Any CPU
		{7C17BE6B-C778-4D02-9410-1DF35A06717D}.Release|Any CPU.Build.0 = Release|Any CPU
		{C3C376DA-00D4-4799-8593-A681845A01D2}.Debug|Any CPU.ActiveCfg = Debug|Any CPU
		{C3C376DA-00D4-4799-8593-A681845A01D2}.Debug|Any CPU.Build.0 = Debug|Any CPU
		{C3C376DA-00D4-4799-8593-A681845A01D2}.Release|Any CPU.ActiveCfg = Release|Any CPU
		{C3C376DA-00D4-4799-8593-A681845A01D2}.Release|Any CPU.Build.0 = Release|Any CPU
		{1C05EFF4-74C7-4181-A073-42E2E3A04143}.Debug|Any CPU.ActiveCfg = Debug|Any CPU
		{1C05EFF4-74C7-4181-A073-42E2E3A04143}.Debug|Any CPU.Build.0 = Debug|Any CPU
		{1C05EFF4-74C7-4181-A073-42E2E3A04143}.Release|Any CPU.ActiveCfg = Release|Any CPU
		{1C05EFF4-74C7-4181-A073-42E2E3A04143}.Release|Any CPU.Build.0 = Release|Any CPU
	EndGlobalSection
EndGlobal
